
Microsoft Visual Studio Solution File, Format Version 12.00
# Visual Studio Version 16
VisualStudioVersion = 16.0.29728.190
MinimumVisualStudioVersion = 10.0.40219.1
Project("{FAE04EC0-301F-11D3-BF4B-00C04F79EFBC}") = "LuminaExporter", "LuminaExporter.csproj", "{00F3AE2E-551E-4680-8B86-245E2C300502}"
EndProject
Global
	GlobalSection(SolutionConfigurationPlatforms) = preSolution
		Debug|Any CPU = Debug|Any CPU
		Release|Any CPU = Release|Any CPU
	EndGlobalSection
	GlobalSection(ProjectConfigurationPlatforms) = postSolution
		{00F3AE2E-551E-4680-8B86-245E2C300502}.Debug|Any CPU.ActiveCfg = Debug|Any CPU
		{00F3AE2E-551E-4680-8B86-245E2C300502}.Debug|Any CPU.Build.0 = Debug|Any CPU
		{00F3AE2E-551E-4680-8B86-245E2C300502}.Release|Any CPU.ActiveCfg = Release|Any CPU
		{00F3AE2E-551E-4680-8B86-245E2C300502}.Release|Any CPU.Build.0 = Release|Any CPU
	EndGlobalSection
	GlobalSection(SolutionProperties) = preSolution
		HideSolutionNode = FALSE
	EndGlobalSection
	GlobalSection(ExtensibilityGlobals) = postSolution
		SolutionGuid = {29AA3F5C-B070-402C-A44C-D948BD2E8653}
	EndGlobalSection
EndGlobal
