
Microsoft Visual Studio Solution File, Format Version 12.00
# Visual Studio Version 17
VisualStudioVersion = 17.1.32210.238
MinimumVisualStudioVersion = 10.0.40219.1
Project("{9A19103F-16F7-4668-BE54-9A1E7A4F7556}") = "Universalis.Application", "Universalis.Application\Universalis.Application.csproj", "{A1FB4209-5085-42DE-A1B4-2ABF990A6BCC}"
EndProject
Project("{9A19103F-16F7-4668-BE54-9A1E7A4F7556}") = "Universalis.GameData", "Universalis.GameData\Universalis.GameData.csproj", "{1CA89525-D044-481C-8A54-3DAC35B2A4BB}"
EndProject
Project("{9A19103F-16F7-4668-BE54-9A1E7A4F7556}") = "Universalis.Alerts", "Universalis.Alerts\Universalis.Alerts.csproj", "{ACD3FA38-C3D0-45C1-8DE4-EA7446D5E2D1}"
EndProject
Project("{9A19103F-16F7-4668-BE54-9A1E7A4F7556}") = "Universalis.Entities", "Universalis.Entities\Universalis.Entities.csproj", "{63CAC835-3AA1-414D-B1F3-9CF74AB52B66}"
EndProject
Project("{9A19103F-16F7-4668-BE54-9A1E7A4F7556}") = "_build", "..\build\_build.csproj", "{23238945-4F89-4776-98A3-E27278F6D83A}"
EndProject
Project("{9A19103F-16F7-4668-BE54-9A1E7A4F7556}") = "Universalis.Alerts.Tests", "Universalis.Alerts.Tests\Universalis.Alerts.Tests.csproj", "{470D6EBB-6363-4DBB-B0B5-A38E7495DB31}"
EndProject
Project("{9A19103F-16F7-4668-BE54-9A1E7A4F7556}") = "Universalis.Application.Tests", "Universalis.Application.Tests\Universalis.Application.Tests.csproj", "{D31015D8-9218-4DE7-917A-21EDF79F6742}"
EndProject
Project("{9A19103F-16F7-4668-BE54-9A1E7A4F7556}") = "Universalis.GameData.Tests", "Universalis.GameData.Tests\Universalis.GameData.Tests.csproj", "{2E555253-6B72-459C-8F19-7BDF2AA7B855}"
EndProject
Project("{9A19103F-16F7-4668-BE54-9A1E7A4F7556}") = "Universalis.DbAccess", "Universalis.DbAccess\Universalis.DbAccess.csproj", "{2BE59D3E-96FD-4C3D-8E92-742AD6670CF2}"
EndProject
Project("{6EC3EE1D-3C4E-46DD-8F32-0CC8E7565705}") = "Universalis.DataTransformations", "Universalis.DataTransformations\Universalis.DataTransformations.fsproj", "{0DAB12C3-D997-4BA4-8F0B-743F5CF5B07B}"
EndProject
Project("{9A19103F-16F7-4668-BE54-9A1E7A4F7556}") = "Universalis.DataTransformations.Tests", "Universalis.DataTransformations.Tests\Universalis.DataTransformations.Tests.csproj", "{73FB0055-FB32-4A6C-9BBC-1D9D1A5FADC0}"
EndProject
Project("{9A19103F-16F7-4668-BE54-9A1E7A4F7556}") = "Universalis.DbAccess.Tests", "Universalis.DbAccess.Tests\Universalis.DbAccess.Tests.csproj", "{D0E5294E-C692-4AEC-9561-EFFF7BE28E68}"
EndProject
Project("{2150E333-8FDC-42A3-9474-1A3956D46DE8}") = "Solution Items", "Solution Items", "{014F57A2-8E59-4FD3-BBFD-B7F20F2CE9BF}"
	ProjectSection(SolutionItems) = preProject
		.editorconfig = .editorconfig
		..\Dockerfile = ..\Dockerfile
	EndProjectSection
EndProject
Project("{2150E333-8FDC-42A3-9474-1A3956D46DE8}") = "Deployment", "Deployment", "{8BB061B0-B276-4B4E-B102-11DF81A5FB64}"
	ProjectSection(SolutionItems) = preProject
		..\deployment\docker-compose.yml = ..\deployment\docker-compose.yml
		..\Dockerfile = ..\Dockerfile
		..\deployment\prometheus.yml = ..\deployment\prometheus.yml
		..\deployment\README.md = ..\deployment\README.md
	EndProjectSection
EndProject
Project("{2150E333-8FDC-42A3-9474-1A3956D46DE8}") = "GitHub", "GitHub", "{787839FD-3CAA-4856-85EF-5C3A83227A72}"
	ProjectSection(SolutionItems) = preProject
		..\README.md = ..\README.md
	EndProjectSection
EndProject
Project("{2150E333-8FDC-42A3-9474-1A3956D46DE8}") = "Monitoring", "Monitoring", "{2A82961C-F187-4316-8A4E-19FAECE6EFCE}"
	ProjectSection(SolutionItems) = preProject
		..\monitoring\docker-compose.yml = ..\monitoring\docker-compose.yml
		..\.prometheus\prometheus.yml = ..\.prometheus\prometheus.yml
	EndProjectSection
EndProject
Project("{9A19103F-16F7-4668-BE54-9A1E7A4F7556}") = "Universalis.Mogboard", "Universalis.Mogboard\Universalis.Mogboard.csproj", "{F052C920-4B91-4F68-B67D-0119CA25FEC9}"
EndProject
Project("{9A19103F-16F7-4668-BE54-9A1E7A4F7556}") = "Universalis.Mogboard.Tests", "Universalis.Mogboard.Tests\Universalis.Mogboard.Tests.csproj", "{AEBCC549-4DF0-4FFF-A7F7-3142A69BFE6A}"
EndProject
Global
	GlobalSection(SolutionConfigurationPlatforms) = preSolution
		Debug|Any CPU = Debug|Any CPU
		Release|Any CPU = Release|Any CPU
	EndGlobalSection
	GlobalSection(ProjectConfigurationPlatforms) = postSolution
		{A1FB4209-5085-42DE-A1B4-2ABF990A6BCC}.Debug|Any CPU.ActiveCfg = Debug|Any CPU
		{A1FB4209-5085-42DE-A1B4-2ABF990A6BCC}.Debug|Any CPU.Build.0 = Debug|Any CPU
		{A1FB4209-5085-42DE-A1B4-2ABF990A6BCC}.Release|Any CPU.ActiveCfg = Release|Any CPU
		{A1FB4209-5085-42DE-A1B4-2ABF990A6BCC}.Release|Any CPU.Build.0 = Release|Any CPU
		{1CA89525-D044-481C-8A54-3DAC35B2A4BB}.Debug|Any CPU.ActiveCfg = Debug|Any CPU
		{1CA89525-D044-481C-8A54-3DAC35B2A4BB}.Debug|Any CPU.Build.0 = Debug|Any CPU
		{1CA89525-D044-481C-8A54-3DAC35B2A4BB}.Release|Any CPU.ActiveCfg = Release|Any CPU
		{1CA89525-D044-481C-8A54-3DAC35B2A4BB}.Release|Any CPU.Build.0 = Release|Any CPU
		{ACD3FA38-C3D0-45C1-8DE4-EA7446D5E2D1}.Debug|Any CPU.ActiveCfg = Debug|Any CPU
		{ACD3FA38-C3D0-45C1-8DE4-EA7446D5E2D1}.Debug|Any CPU.Build.0 = Debug|Any CPU
		{ACD3FA38-C3D0-45C1-8DE4-EA7446D5E2D1}.Release|Any CPU.ActiveCfg = Release|Any CPU
		{ACD3FA38-C3D0-45C1-8DE4-EA7446D5E2D1}.Release|Any CPU.Build.0 = Release|Any CPU
		{63CAC835-3AA1-414D-B1F3-9CF74AB52B66}.Debug|Any CPU.ActiveCfg = Debug|Any CPU
		{63CAC835-3AA1-414D-B1F3-9CF74AB52B66}.Debug|Any CPU.Build.0 = Debug|Any CPU
		{63CAC835-3AA1-414D-B1F3-9CF74AB52B66}.Release|Any CPU.ActiveCfg = Release|Any CPU
		{63CAC835-3AA1-414D-B1F3-9CF74AB52B66}.Release|Any CPU.Build.0 = Release|Any CPU
		{23238945-4F89-4776-98A3-E27278F6D83A}.Debug|Any CPU.ActiveCfg = Debug|Any CPU
		{23238945-4F89-4776-98A3-E27278F6D83A}.Release|Any CPU.ActiveCfg = Release|Any CPU
		{470D6EBB-6363-4DBB-B0B5-A38E7495DB31}.Debug|Any CPU.ActiveCfg = Debug|Any CPU
		{470D6EBB-6363-4DBB-B0B5-A38E7495DB31}.Debug|Any CPU.Build.0 = Debug|Any CPU
		{470D6EBB-6363-4DBB-B0B5-A38E7495DB31}.Release|Any CPU.ActiveCfg = Release|Any CPU
		{470D6EBB-6363-4DBB-B0B5-A38E7495DB31}.Release|Any CPU.Build.0 = Release|Any CPU
		{D31015D8-9218-4DE7-917A-21EDF79F6742}.Debug|Any CPU.ActiveCfg = Debug|Any CPU
		{D31015D8-9218-4DE7-917A-21EDF79F6742}.Debug|Any CPU.Build.0 = Debug|Any CPU
		{D31015D8-9218-4DE7-917A-21EDF79F6742}.Release|Any CPU.ActiveCfg = Release|Any CPU
		{D31015D8-9218-4DE7-917A-21EDF79F6742}.Release|Any CPU.Build.0 = Release|Any CPU
		{2E555253-6B72-459C-8F19-7BDF2AA7B855}.Debug|Any CPU.ActiveCfg = Debug|Any CPU
		{2E555253-6B72-459C-8F19-7BDF2AA7B855}.Debug|Any CPU.Build.0 = Debug|Any CPU
		{2E555253-6B72-459C-8F19-7BDF2AA7B855}.Release|Any CPU.ActiveCfg = Release|Any CPU
		{2E555253-6B72-459C-8F19-7BDF2AA7B855}.Release|Any CPU.Build.0 = Release|Any CPU
		{2BE59D3E-96FD-4C3D-8E92-742AD6670CF2}.Debug|Any CPU.ActiveCfg = Debug|Any CPU
		{2BE59D3E-96FD-4C3D-8E92-742AD6670CF2}.Debug|Any CPU.Build.0 = Debug|Any CPU
		{2BE59D3E-96FD-4C3D-8E92-742AD6670CF2}.Release|Any CPU.ActiveCfg = Release|Any CPU
		{2BE59D3E-96FD-4C3D-8E92-742AD6670CF2}.Release|Any CPU.Build.0 = Release|Any CPU
		{0DAB12C3-D997-4BA4-8F0B-743F5CF5B07B}.Debug|Any CPU.ActiveCfg = Debug|Any CPU
		{0DAB12C3-D997-4BA4-8F0B-743F5CF5B07B}.Debug|Any CPU.Build.0 = Debug|Any CPU
		{0DAB12C3-D997-4BA4-8F0B-743F5CF5B07B}.Release|Any CPU.ActiveCfg = Release|Any CPU
		{0DAB12C3-D997-4BA4-8F0B-743F5CF5B07B}.Release|Any CPU.Build.0 = Release|Any CPU
		{73FB0055-FB32-4A6C-9BBC-1D9D1A5FADC0}.Debug|Any CPU.ActiveCfg = Debug|Any CPU
		{73FB0055-FB32-4A6C-9BBC-1D9D1A5FADC0}.Debug|Any CPU.Build.0 = Debug|Any CPU
		{73FB0055-FB32-4A6C-9BBC-1D9D1A5FADC0}.Release|Any CPU.ActiveCfg = Release|Any CPU
		{73FB0055-FB32-4A6C-9BBC-1D9D1A5FADC0}.Release|Any CPU.Build.0 = Release|Any CPU
		{D0E5294E-C692-4AEC-9561-EFFF7BE28E68}.Debug|Any CPU.ActiveCfg = Debug|Any CPU
		{D0E5294E-C692-4AEC-9561-EFFF7BE28E68}.Debug|Any CPU.Build.0 = Debug|Any CPU
		{D0E5294E-C692-4AEC-9561-EFFF7BE28E68}.Release|Any CPU.ActiveCfg = Release|Any CPU
		{D0E5294E-C692-4AEC-9561-EFFF7BE28E68}.Release|Any CPU.Build.0 = Release|Any CPU
		{F052C920-4B91-4F68-B67D-0119CA25FEC9}.Debug|Any CPU.ActiveCfg = Debug|Any CPU
		{F052C920-4B91-4F68-B67D-0119CA25FEC9}.Debug|Any CPU.Build.0 = Debug|Any CPU
		{F052C920-4B91-4F68-B67D-0119CA25FEC9}.Release|Any CPU.ActiveCfg = Release|Any CPU
		{F052C920-4B91-4F68-B67D-0119CA25FEC9}.Release|Any CPU.Build.0 = Release|Any CPU
		{AEBCC549-4DF0-4FFF-A7F7-3142A69BFE6A}.Debug|Any CPU.ActiveCfg = Debug|Any CPU
		{AEBCC549-4DF0-4FFF-A7F7-3142A69BFE6A}.Debug|Any CPU.Build.0 = Debug|Any CPU
		{AEBCC549-4DF0-4FFF-A7F7-3142A69BFE6A}.Release|Any CPU.ActiveCfg = Release|Any CPU
		{AEBCC549-4DF0-4FFF-A7F7-3142A69BFE6A}.Release|Any CPU.Build.0 = Release|Any CPU
	EndGlobalSection
	GlobalSection(SolutionProperties) = preSolution
		HideSolutionNode = FALSE
	EndGlobalSection
	GlobalSection(ExtensibilityGlobals) = postSolution
		SolutionGuid = {42DE4040-B673-4F0B-B762-BD1ABF816215}
	EndGlobalSection
EndGlobal
