
Microsoft Visual Studio Solution File, Format Version 12.00
# Visual Studio Version 16
VisualStudioVersion = 16.0.31321.278
MinimumVisualStudioVersion = 10.0.40219.1
Project("{9A19103F-16F7-4668-BE54-9A1E7A4F7556}") = "Universalis.Application", "Universalis.Application\Universalis.Application.csproj", "{A1FB4209-5085-42DE-A1B4-2ABF990A6BCC}"
EndProject
Project("{9A19103F-16F7-4668-BE54-9A1E7A4F7556}") = "Universalis.GameData", "Universalis.GameData\Universalis.GameData.csproj", "{1CA89525-D044-481C-8A54-3DAC35B2A4BB}"
EndProject
Project("{9A19103F-16F7-4668-BE54-9A1E7A4F7556}") = "Universalis.Alerts", "Universalis.Alerts\Universalis.Alerts.csproj", "{ACD3FA38-C3D0-45C1-8DE4-EA7446D5E2D1}"
EndProject
Project("{9A19103F-16F7-4668-BE54-9A1E7A4F7556}") = "Universalis.Entities", "Universalis.Entities\Universalis.Entities.csproj", "{63CAC835-3AA1-414D-B1F3-9CF74AB52B66}"
EndProject
Project("{9A19103F-16F7-4668-BE54-9A1E7A4F7556}") = "_build", "..\build\_build.csproj", "{23238945-4F89-4776-98A3-E27278F6D83A}"
EndProject
Project("{9A19103F-16F7-4668-BE54-9A1E7A4F7556}") = "Universalis.Alerts.Tests", "Universalis.Alerts.Tests\Universalis.Alerts.Tests.csproj", "{470D6EBB-6363-4DBB-B0B5-A38E7495DB31}"
EndProject
Project("{9A19103F-16F7-4668-BE54-9A1E7A4F7556}") = "Universalis.Application.Tests", "Universalis.Application.Tests\Universalis.Application.Tests.csproj", "{D31015D8-9218-4DE7-917A-21EDF79F6742}"
EndProject
Project("{9A19103F-16F7-4668-BE54-9A1E7A4F7556}") = "Universalis.GameData.Tests", "Universalis.GameData.Tests\Universalis.GameData.Tests.csproj", "{2E555253-6B72-459C-8F19-7BDF2AA7B855}"
EndProject
Global
	GlobalSection(SolutionConfigurationPlatforms) = preSolution
		Debug|Any CPU = Debug|Any CPU
		Release|Any CPU = Release|Any CPU
	EndGlobalSection
	GlobalSection(ProjectConfigurationPlatforms) = postSolution
		{A1FB4209-5085-42DE-A1B4-2ABF990A6BCC}.Debug|Any CPU.ActiveCfg = Debug|Any CPU
		{A1FB4209-5085-42DE-A1B4-2ABF990A6BCC}.Debug|Any CPU.Build.0 = Debug|Any CPU
		{A1FB4209-5085-42DE-A1B4-2ABF990A6BCC}.Release|Any CPU.ActiveCfg = Release|Any CPU
		{A1FB4209-5085-42DE-A1B4-2ABF990A6BCC}.Release|Any CPU.Build.0 = Release|Any CPU
		{1CA89525-D044-481C-8A54-3DAC35B2A4BB}.Debug|Any CPU.ActiveCfg = Debug|Any CPU
		{1CA89525-D044-481C-8A54-3DAC35B2A4BB}.Debug|Any CPU.Build.0 = Debug|Any CPU
		{1CA89525-D044-481C-8A54-3DAC35B2A4BB}.Release|Any CPU.ActiveCfg = Release|Any CPU
		{1CA89525-D044-481C-8A54-3DAC35B2A4BB}.Release|Any CPU.Build.0 = Release|Any CPU
		{ACD3FA38-C3D0-45C1-8DE4-EA7446D5E2D1}.Debug|Any CPU.ActiveCfg = Debug|Any CPU
		{ACD3FA38-C3D0-45C1-8DE4-EA7446D5E2D1}.Debug|Any CPU.Build.0 = Debug|Any CPU
		{ACD3FA38-C3D0-45C1-8DE4-EA7446D5E2D1}.Release|Any CPU.ActiveCfg = Release|Any CPU
		{ACD3FA38-C3D0-45C1-8DE4-EA7446D5E2D1}.Release|Any CPU.Build.0 = Release|Any CPU
		{63CAC835-3AA1-414D-B1F3-9CF74AB52B66}.Debug|Any CPU.ActiveCfg = Debug|Any CPU
		{63CAC835-3AA1-414D-B1F3-9CF74AB52B66}.Debug|Any CPU.Build.0 = Debug|Any CPU
		{63CAC835-3AA1-414D-B1F3-9CF74AB52B66}.Release|Any CPU.ActiveCfg = Release|Any CPU
		{63CAC835-3AA1-414D-B1F3-9CF74AB52B66}.Release|Any CPU.Build.0 = Release|Any CPU
		{23238945-4F89-4776-98A3-E27278F6D83A}.Debug|Any CPU.ActiveCfg = Debug|Any CPU
		{23238945-4F89-4776-98A3-E27278F6D83A}.Release|Any CPU.ActiveCfg = Release|Any CPU
		{470D6EBB-6363-4DBB-B0B5-A38E7495DB31}.Debug|Any CPU.ActiveCfg = Debug|Any CPU
		{470D6EBB-6363-4DBB-B0B5-A38E7495DB31}.Debug|Any CPU.Build.0 = Debug|Any CPU
		{470D6EBB-6363-4DBB-B0B5-A38E7495DB31}.Release|Any CPU.ActiveCfg = Release|Any CPU
		{470D6EBB-6363-4DBB-B0B5-A38E7495DB31}.Release|Any CPU.Build.0 = Release|Any CPU
		{D31015D8-9218-4DE7-917A-21EDF79F6742}.Debug|Any CPU.ActiveCfg = Debug|Any CPU
		{D31015D8-9218-4DE7-917A-21EDF79F6742}.Debug|Any CPU.Build.0 = Debug|Any CPU
		{D31015D8-9218-4DE7-917A-21EDF79F6742}.Release|Any CPU.ActiveCfg = Release|Any CPU
		{D31015D8-9218-4DE7-917A-21EDF79F6742}.Release|Any CPU.Build.0 = Release|Any CPU
		{2E555253-6B72-459C-8F19-7BDF2AA7B855}.Debug|Any CPU.ActiveCfg = Debug|Any CPU
		{2E555253-6B72-459C-8F19-7BDF2AA7B855}.Debug|Any CPU.Build.0 = Debug|Any CPU
		{2E555253-6B72-459C-8F19-7BDF2AA7B855}.Release|Any CPU.ActiveCfg = Release|Any CPU
		{2E555253-6B72-459C-8F19-7BDF2AA7B855}.Release|Any CPU.Build.0 = Release|Any CPU
	EndGlobalSection
	GlobalSection(SolutionProperties) = preSolution
		HideSolutionNode = FALSE
	EndGlobalSection
	GlobalSection(ExtensibilityGlobals) = postSolution
		SolutionGuid = {42DE4040-B673-4F0B-B762-BD1ABF816215}
	EndGlobalSection
EndGlobal
